// !$*UTF8*$!
{
	archiveVersion = 1;
	classes = {
	};
	objectVersion = 46;
	objects = {

/* Begin PBXBuildFile section */
		1A0482A8194E582D005EE547 /* SchemeSet_Tests.swift in Sources */ = {isa = PBXBuildFile; fileRef = 1A0482A7194E582D005EE547 /* SchemeSet_Tests.swift */; };
		1A509C75196486FE00FFD7BC /* TableScheme_Tests.swift in Sources */ = {isa = PBXBuildFile; fileRef = 1A509C74196486FE00FFD7BC /* TableScheme_Tests.swift */; };
		1A8400011B5DCD5C00F187B6 /* TableSchemer.framework in Frameworks */ = {isa = PBXBuildFile; fileRef = 1A84FFEA1B5DCD5B00F187B6 /* TableSchemer.framework */; };
		1A8400021B5DCD5C00F187B6 /* TableSchemer.framework in Embed Frameworks */ = {isa = PBXBuildFile; fileRef = 1A84FFEA1B5DCD5B00F187B6 /* TableSchemer.framework */; settings = {ATTRIBUTES = (CodeSignOnCopy, RemoveHeadersOnCopy, ); }; };
		1A84000A1B5DCF4600F187B6 /* InferrableRowAnimatableScheme.swift in Sources */ = {isa = PBXBuildFile; fileRef = 1ACFAFE11A1AB2960065ADB9 /* InferrableRowAnimatableScheme.swift */; };
		1A84000B1B5DCF4600F187B6 /* ViewExtensions.swift in Sources */ = {isa = PBXBuildFile; fileRef = 1AD4F4A519895C14004D3676 /* ViewExtensions.swift */; };
		1A84000C1B5DCF4600F187B6 /* SchemeCell.swift in Sources */ = {isa = PBXBuildFile; fileRef = 1AE06747194BB2C300873E8A /* SchemeCell.swift */; };
		1A84000D1B5DCF4600F187B6 /* SchemeSet.swift in Sources */ = {isa = PBXBuildFile; fileRef = 1AF584F1194B7A8C0090529C /* SchemeSet.swift */; };
		1A84000E1B5DCF4600F187B6 /* TableScheme.swift in Sources */ = {isa = PBXBuildFile; fileRef = 1AF584F7194BA14A0090529C /* TableScheme.swift */; };
		1A84000F1B5DCF4600F187B6 /* TableSchemeBatchAnimator.swift in Sources */ = {isa = PBXBuildFile; fileRef = 1A4743491A1C354C00B5AD13 /* TableSchemeBatchAnimator.swift */; };
		1A8400101B5DCF4600F187B6 /* SchemeRowAnimators.swift in Sources */ = {isa = PBXBuildFile; fileRef = 1A47434B1A1C35D500B5AD13 /* SchemeRowAnimators.swift */; };
		1A8400111B5DCF4600F187B6 /* Scheme.swift in Sources */ = {isa = PBXBuildFile; fileRef = 1AF584E6194A6D520090529C /* Scheme.swift */; };
		1A8400121B5DCF4600F187B6 /* BasicScheme.swift in Sources */ = {isa = PBXBuildFile; fileRef = 1AF584E8194A72810090529C /* BasicScheme.swift */; };
		1A8400131B5DCF4600F187B6 /* AccordionScheme.swift in Sources */ = {isa = PBXBuildFile; fileRef = 1AF584EA194A75900090529C /* AccordionScheme.swift */; };
		1A8400141B5DCF4600F187B6 /* ArrayScheme.swift in Sources */ = {isa = PBXBuildFile; fileRef = 1AF584EC194A807A0090529C /* ArrayScheme.swift */; };
		1A8400151B5DCF4600F187B6 /* RadioScheme.swift in Sources */ = {isa = PBXBuildFile; fileRef = 1AF584EE194B6F0E0090529C /* RadioScheme.swift */; };
		1A8400161B5DCF4600F187B6 /* StaticScheme.swift in Sources */ = {isa = PBXBuildFile; fileRef = 61E259621ABCD958005297C9 /* StaticScheme.swift */; };
		1A8400171B5DCF4600F187B6 /* SchemeSetBuilder.swift in Sources */ = {isa = PBXBuildFile; fileRef = 1AF584F3194B817F0090529C /* SchemeSetBuilder.swift */; };
		1A8400181B5DCF4600F187B6 /* TableSchemeBuilder.swift in Sources */ = {isa = PBXBuildFile; fileRef = 1AF584F5194B9F6D0090529C /* TableSchemeBuilder.swift */; };
		1A84001A1B5DD0BF00F187B6 /* MasterViewController.swift in Sources */ = {isa = PBXBuildFile; fileRef = 1A8400191B5DD0BF00F187B6 /* MasterViewController.swift */; };
		1A84001C1B5DD0CB00F187B6 /* AnimationsViewController.swift in Sources */ = {isa = PBXBuildFile; fileRef = 1A84001B1B5DD0CB00F187B6 /* AnimationsViewController.swift */; };
		1A84FFEF1B5DCD5B00F187B6 /* TableSchemer.h in Headers */ = {isa = PBXBuildFile; fileRef = 1A84FFEE1B5DCD5B00F187B6 /* TableSchemer.h */; settings = {ATTRIBUTES = (Public, ); }; };
		1AAF4721194D127700BC2F17 /* ArrayScheme_Tests.swift in Sources */ = {isa = PBXBuildFile; fileRef = 1AAF4720194D127700BC2F17 /* ArrayScheme_Tests.swift */; };
		1AAF4723194D2CBB00BC2F17 /* RadioScheme_Tests.swift in Sources */ = {isa = PBXBuildFile; fileRef = 1AAF4722194D2CBB00BC2F17 /* RadioScheme_Tests.swift */; };
		1AB445B7194A66C4001BEDFF /* AppDelegate.swift in Sources */ = {isa = PBXBuildFile; fileRef = 1AB445B6194A66C4001BEDFF /* AppDelegate.swift */; };
		1AB445B9194A66C4001BEDFF /* AdvancedTableSchemeViewController.swift in Sources */ = {isa = PBXBuildFile; fileRef = 1AB445B8194A66C4001BEDFF /* AdvancedTableSchemeViewController.swift */; };
		1AB445C0194A66C4001BEDFF /* Images.xcassets in Resources */ = {isa = PBXBuildFile; fileRef = 1AB445BF194A66C4001BEDFF /* Images.xcassets */; };
		1AE0674C194BBA4E00873E8A /* BasicScheme_Tests.swift in Sources */ = {isa = PBXBuildFile; fileRef = 1AE0674B194BBA4E00873E8A /* BasicScheme_Tests.swift */; };
		1AE3EB291C04C55200BA9D99 /* AttributedScheme.swift in Sources */ = {isa = PBXBuildFile; fileRef = 1AE3EB281C04C55200BA9D99 /* AttributedScheme.swift */; };
		1AE3EB2B1C04C69200BA9D99 /* AttributedSchemeSet.swift in Sources */ = {isa = PBXBuildFile; fileRef = 1AE3EB2A1C04C69200BA9D99 /* AttributedSchemeSet.swift */; };
		1AE3EB2D1C05007900BA9D99 /* SchemeBuilder.swift in Sources */ = {isa = PBXBuildFile; fileRef = 1AE3EB2C1C05007900BA9D99 /* SchemeBuilder.swift */; };
		1AE3EB2F1C0526B500BA9D99 /* InferrableReuseIdentifierScheme.swift in Sources */ = {isa = PBXBuildFile; fileRef = 1AE3EB2E1C0526B500BA9D99 /* InferrableReuseIdentifierScheme.swift */; };
		1AE3EB331C064FB200BA9D99 /* BasicSchemeBuilder.swift in Sources */ = {isa = PBXBuildFile; fileRef = 1AE3EB321C064FB200BA9D99 /* BasicSchemeBuilder.swift */; };
		1AE3EB351C06502700BA9D99 /* AccordionSchemeBuilder.swift in Sources */ = {isa = PBXBuildFile; fileRef = 1AE3EB341C06502700BA9D99 /* AccordionSchemeBuilder.swift */; };
		1AE3EB371C06504300BA9D99 /* ArraySchemeBuilder.swift in Sources */ = {isa = PBXBuildFile; fileRef = 1AE3EB361C06504300BA9D99 /* ArraySchemeBuilder.swift */; };
		1AE3EB391C06505900BA9D99 /* RadioSchemeBuilder.swift in Sources */ = {isa = PBXBuildFile; fileRef = 1AE3EB381C06505900BA9D99 /* RadioSchemeBuilder.swift */; };
		1AE3EB3B1C06507100BA9D99 /* StaticSchemeBuilder.swift in Sources */ = {isa = PBXBuildFile; fileRef = 1AE3EB3A1C06507100BA9D99 /* StaticSchemeBuilder.swift */; };
		1AFE0265194CF73500DA5027 /* AccordionScheme_Tests.swift in Sources */ = {isa = PBXBuildFile; fileRef = 1AFE0264194CF73500DA5027 /* AccordionScheme_Tests.swift */; };
		C022CEE41FC4AB8900DD52C9 /* SchemeSetBuilder_Tests.swift in Sources */ = {isa = PBXBuildFile; fileRef = 1A0482A9194E5A96005EE547 /* SchemeSetBuilder_Tests.swift */; };
/* End PBXBuildFile section */

/* Begin PBXContainerItemProxy section */
		1A84FFFF1B5DCD5C00F187B6 /* PBXContainerItemProxy */ = {
			isa = PBXContainerItemProxy;
			containerPortal = 1AB445A9194A66C4001BEDFF /* Project object */;
			proxyType = 1;
			remoteGlobalIDString = 1A84FFE91B5DCD5B00F187B6;
			remoteInfo = TableSchemer;
		};
		C0E063131FC4AD930030A8A8 /* PBXContainerItemProxy */ = {
			isa = PBXContainerItemProxy;
			containerPortal = 1AB445A9194A66C4001BEDFF /* Project object */;
			proxyType = 1;
			remoteGlobalIDString = 1A84FFE91B5DCD5B00F187B6;
			remoteInfo = TableSchemer;
		};
/* End PBXContainerItemProxy section */

/* Begin PBXCopyFilesBuildPhase section */
		1A8400061B5DCD5C00F187B6 /* Embed Frameworks */ = {
			isa = PBXCopyFilesBuildPhase;
			buildActionMask = 2147483647;
			dstPath = "";
			dstSubfolderSpec = 10;
			files = (
				1A8400021B5DCD5C00F187B6 /* TableSchemer.framework in Embed Frameworks */,
			);
			name = "Embed Frameworks";
			runOnlyForDeploymentPostprocessing = 0;
		};
/* End PBXCopyFilesBuildPhase section */

/* Begin PBXFileReference section */
		1A0482A7194E582D005EE547 /* SchemeSet_Tests.swift */ = {isa = PBXFileReference; fileEncoding = 4; lastKnownFileType = sourcecode.swift; path = SchemeSet_Tests.swift; sourceTree = "<group>"; };
		1A0482A9194E5A96005EE547 /* SchemeSetBuilder_Tests.swift */ = {isa = PBXFileReference; fileEncoding = 4; lastKnownFileType = sourcecode.swift; path = SchemeSetBuilder_Tests.swift; sourceTree = "<group>"; };
		1A4743491A1C354C00B5AD13 /* TableSchemeBatchAnimator.swift */ = {isa = PBXFileReference; fileEncoding = 4; lastKnownFileType = sourcecode.swift; path = TableSchemeBatchAnimator.swift; sourceTree = "<group>"; };
		1A47434B1A1C35D500B5AD13 /* SchemeRowAnimators.swift */ = {isa = PBXFileReference; fileEncoding = 4; lastKnownFileType = sourcecode.swift; path = SchemeRowAnimators.swift; sourceTree = "<group>"; };
		1A509C74196486FE00FFD7BC /* TableScheme_Tests.swift */ = {isa = PBXFileReference; fileEncoding = 4; lastKnownFileType = sourcecode.swift; path = TableScheme_Tests.swift; sourceTree = "<group>"; };
		1A8400191B5DD0BF00F187B6 /* MasterViewController.swift */ = {isa = PBXFileReference; fileEncoding = 4; lastKnownFileType = sourcecode.swift; name = MasterViewController.swift; path = ../TableSchemerExamples/MasterViewController.swift; sourceTree = "<group>"; };
		1A84001B1B5DD0CB00F187B6 /* AnimationsViewController.swift */ = {isa = PBXFileReference; fileEncoding = 4; lastKnownFileType = sourcecode.swift; name = AnimationsViewController.swift; path = ../TableSchemerExamples/AnimationsViewController.swift; sourceTree = "<group>"; };
		1A84FFEA1B5DCD5B00F187B6 /* TableSchemer.framework */ = {isa = PBXFileReference; explicitFileType = wrapper.framework; includeInIndex = 0; path = TableSchemer.framework; sourceTree = BUILT_PRODUCTS_DIR; };
		1A84FFED1B5DCD5B00F187B6 /* Info.plist */ = {isa = PBXFileReference; lastKnownFileType = text.plist.xml; path = Info.plist; sourceTree = "<group>"; };
		1A84FFEE1B5DCD5B00F187B6 /* TableSchemer.h */ = {isa = PBXFileReference; lastKnownFileType = sourcecode.c.h; path = TableSchemer.h; sourceTree = "<group>"; };
		1AAF4720194D127700BC2F17 /* ArrayScheme_Tests.swift */ = {isa = PBXFileReference; fileEncoding = 4; lastKnownFileType = sourcecode.swift; path = ArrayScheme_Tests.swift; sourceTree = "<group>"; };
		1AAF4722194D2CBB00BC2F17 /* RadioScheme_Tests.swift */ = {isa = PBXFileReference; fileEncoding = 4; lastKnownFileType = sourcecode.swift; path = RadioScheme_Tests.swift; sourceTree = "<group>"; };
		1AB445B1194A66C4001BEDFF /* TableSchemerExamples.app */ = {isa = PBXFileReference; explicitFileType = wrapper.application; includeInIndex = 0; path = TableSchemerExamples.app; sourceTree = BUILT_PRODUCTS_DIR; };
		1AB445B5194A66C4001BEDFF /* Info.plist */ = {isa = PBXFileReference; lastKnownFileType = text.plist.xml; name = Info.plist; path = ../TableSchemerExamples/Info.plist; sourceTree = "<group>"; };
		1AB445B6194A66C4001BEDFF /* AppDelegate.swift */ = {isa = PBXFileReference; lastKnownFileType = sourcecode.swift; name = AppDelegate.swift; path = ../TableSchemerExamples/AppDelegate.swift; sourceTree = "<group>"; };
		1AB445B8194A66C4001BEDFF /* AdvancedTableSchemeViewController.swift */ = {isa = PBXFileReference; lastKnownFileType = sourcecode.swift; name = AdvancedTableSchemeViewController.swift; path = TableSchemerExamples/AdvancedTableSchemeViewController.swift; sourceTree = SOURCE_ROOT; };
		1AB445BF194A66C4001BEDFF /* Images.xcassets */ = {isa = PBXFileReference; lastKnownFileType = folder.assetcatalog; name = Images.xcassets; path = ../TableSchemerExamples/Images.xcassets; sourceTree = "<group>"; };
		1AB445C5194A66C4001BEDFF /* TableSchemerTests.xctest */ = {isa = PBXFileReference; explicitFileType = wrapper.cfbundle; includeInIndex = 0; path = TableSchemerTests.xctest; sourceTree = BUILT_PRODUCTS_DIR; };
		1AB445CA194A66C4001BEDFF /* Info.plist */ = {isa = PBXFileReference; lastKnownFileType = text.plist.xml; path = Info.plist; sourceTree = "<group>"; };
		1ACFAFE11A1AB2960065ADB9 /* InferrableRowAnimatableScheme.swift */ = {isa = PBXFileReference; fileEncoding = 4; lastKnownFileType = sourcecode.swift; path = InferrableRowAnimatableScheme.swift; sourceTree = "<group>"; };
		1AD4F4A519895C14004D3676 /* ViewExtensions.swift */ = {isa = PBXFileReference; fileEncoding = 4; lastKnownFileType = sourcecode.swift; path = ViewExtensions.swift; sourceTree = "<group>"; };
		1AE06747194BB2C300873E8A /* SchemeCell.swift */ = {isa = PBXFileReference; fileEncoding = 4; lastKnownFileType = sourcecode.swift; path = SchemeCell.swift; sourceTree = "<group>"; };
		1AE0674A194BBA4E00873E8A /* TableSchemerTests-Bridging-Header.h */ = {isa = PBXFileReference; lastKnownFileType = sourcecode.c.h; path = "TableSchemerTests-Bridging-Header.h"; sourceTree = "<group>"; };
		1AE0674B194BBA4E00873E8A /* BasicScheme_Tests.swift */ = {isa = PBXFileReference; fileEncoding = 4; lastKnownFileType = sourcecode.swift; path = BasicScheme_Tests.swift; sourceTree = "<group>"; };
		1AE3EB281C04C55200BA9D99 /* AttributedScheme.swift */ = {isa = PBXFileReference; fileEncoding = 4; lastKnownFileType = sourcecode.swift; path = AttributedScheme.swift; sourceTree = "<group>"; };
		1AE3EB2A1C04C69200BA9D99 /* AttributedSchemeSet.swift */ = {isa = PBXFileReference; fileEncoding = 4; lastKnownFileType = sourcecode.swift; path = AttributedSchemeSet.swift; sourceTree = "<group>"; };
		1AE3EB2C1C05007900BA9D99 /* SchemeBuilder.swift */ = {isa = PBXFileReference; fileEncoding = 4; lastKnownFileType = sourcecode.swift; path = SchemeBuilder.swift; sourceTree = "<group>"; };
		1AE3EB2E1C0526B500BA9D99 /* InferrableReuseIdentifierScheme.swift */ = {isa = PBXFileReference; fileEncoding = 4; lastKnownFileType = sourcecode.swift; path = InferrableReuseIdentifierScheme.swift; sourceTree = "<group>"; };
		1AE3EB321C064FB200BA9D99 /* BasicSchemeBuilder.swift */ = {isa = PBXFileReference; fileEncoding = 4; lastKnownFileType = sourcecode.swift; path = BasicSchemeBuilder.swift; sourceTree = "<group>"; };
		1AE3EB341C06502700BA9D99 /* AccordionSchemeBuilder.swift */ = {isa = PBXFileReference; fileEncoding = 4; lastKnownFileType = sourcecode.swift; path = AccordionSchemeBuilder.swift; sourceTree = "<group>"; };
		1AE3EB361C06504300BA9D99 /* ArraySchemeBuilder.swift */ = {isa = PBXFileReference; fileEncoding = 4; lastKnownFileType = sourcecode.swift; path = ArraySchemeBuilder.swift; sourceTree = "<group>"; };
		1AE3EB381C06505900BA9D99 /* RadioSchemeBuilder.swift */ = {isa = PBXFileReference; fileEncoding = 4; lastKnownFileType = sourcecode.swift; path = RadioSchemeBuilder.swift; sourceTree = "<group>"; };
		1AE3EB3A1C06507100BA9D99 /* StaticSchemeBuilder.swift */ = {isa = PBXFileReference; fileEncoding = 4; lastKnownFileType = sourcecode.swift; path = StaticSchemeBuilder.swift; sourceTree = "<group>"; };
		1AF584E6194A6D520090529C /* Scheme.swift */ = {isa = PBXFileReference; fileEncoding = 4; lastKnownFileType = sourcecode.swift; path = Scheme.swift; sourceTree = "<group>"; };
		1AF584E8194A72810090529C /* BasicScheme.swift */ = {isa = PBXFileReference; fileEncoding = 4; lastKnownFileType = sourcecode.swift; path = BasicScheme.swift; sourceTree = "<group>"; };
		1AF584EA194A75900090529C /* AccordionScheme.swift */ = {isa = PBXFileReference; fileEncoding = 4; lastKnownFileType = sourcecode.swift; path = AccordionScheme.swift; sourceTree = "<group>"; };
		1AF584EC194A807A0090529C /* ArrayScheme.swift */ = {isa = PBXFileReference; fileEncoding = 4; lastKnownFileType = sourcecode.swift; path = ArrayScheme.swift; sourceTree = "<group>"; };
		1AF584EE194B6F0E0090529C /* RadioScheme.swift */ = {isa = PBXFileReference; fileEncoding = 4; lastKnownFileType = sourcecode.swift; path = RadioScheme.swift; sourceTree = "<group>"; };
		1AF584F1194B7A8C0090529C /* SchemeSet.swift */ = {isa = PBXFileReference; fileEncoding = 4; lastKnownFileType = sourcecode.swift; path = SchemeSet.swift; sourceTree = "<group>"; };
		1AF584F3194B817F0090529C /* SchemeSetBuilder.swift */ = {isa = PBXFileReference; fileEncoding = 4; lastKnownFileType = sourcecode.swift; path = SchemeSetBuilder.swift; sourceTree = "<group>"; };
		1AF584F5194B9F6D0090529C /* TableSchemeBuilder.swift */ = {isa = PBXFileReference; fileEncoding = 4; lastKnownFileType = sourcecode.swift; path = TableSchemeBuilder.swift; sourceTree = "<group>"; };
		1AF584F7194BA14A0090529C /* TableScheme.swift */ = {isa = PBXFileReference; fileEncoding = 4; lastKnownFileType = sourcecode.swift; path = TableScheme.swift; sourceTree = "<group>"; };
		1AFE0264194CF73500DA5027 /* AccordionScheme_Tests.swift */ = {isa = PBXFileReference; fileEncoding = 4; lastKnownFileType = sourcecode.swift; path = AccordionScheme_Tests.swift; sourceTree = "<group>"; };
		61E259621ABCD958005297C9 /* StaticScheme.swift */ = {isa = PBXFileReference; fileEncoding = 4; lastKnownFileType = sourcecode.swift; path = StaticScheme.swift; sourceTree = "<group>"; };
		9F0D6EFEF754E9ED83EC4756 /* libPods-TableSchemerTests.a */ = {isa = PBXFileReference; explicitFileType = archive.ar; includeInIndex = 0; path = "libPods-TableSchemerTests.a"; sourceTree = BUILT_PRODUCTS_DIR; };
/* End PBXFileReference section */

/* Begin PBXFrameworksBuildPhase section */
		1A84FFE61B5DCD5B00F187B6 /* Frameworks */ = {
			isa = PBXFrameworksBuildPhase;
			buildActionMask = 2147483647;
			files = (
			);
			runOnlyForDeploymentPostprocessing = 0;
		};
		1AB445AE194A66C4001BEDFF /* Frameworks */ = {
			isa = PBXFrameworksBuildPhase;
			buildActionMask = 2147483647;
			files = (
				1A8400011B5DCD5C00F187B6 /* TableSchemer.framework in Frameworks */,
			);
			runOnlyForDeploymentPostprocessing = 0;
		};
		1AB445C2194A66C4001BEDFF /* Frameworks */ = {
			isa = PBXFrameworksBuildPhase;
			buildActionMask = 2147483647;
			files = (
			);
			runOnlyForDeploymentPostprocessing = 0;
		};
/* End PBXFrameworksBuildPhase section */

/* Begin PBXGroup section */
		1A84FFEB1B5DCD5B00F187B6 /* TableSchemer */ = {
			isa = PBXGroup;
			children = (
				1AE06749194BB2C800873E8A /* Cells */,
				1AF584F0194B7A5C0090529C /* Collections */,
				1AE3EB271C04C53D00BA9D99 /* Models */,
				1ACFAFE01A1AB2650065ADB9 /* Protocols */,
				1AF584E3194A6CEF0090529C /* Scheme Builders */,
				1AF584E4194A6CF70090529C /* Schemes */,
				1A84FFEC1B5DCD5B00F187B6 /* Supporting Files */,
				1AF584E5194A6D200090529C /* Table Scheme */,
				1A84FFEE1B5DCD5B00F187B6 /* TableSchemer.h */,
				1AD4F4A419895C05004D3676 /* Utility */,
			);
			path = TableSchemer;
			sourceTree = "<group>";
		};
		1A84FFEC1B5DCD5B00F187B6 /* Supporting Files */ = {
			isa = PBXGroup;
			children = (
				1A84FFED1B5DCD5B00F187B6 /* Info.plist */,
			);
			name = "Supporting Files";
			sourceTree = "<group>";
		};
		1AB445A8194A66C4001BEDFF = {
			isa = PBXGroup;
			children = (
				1AB445B3194A66C4001BEDFF /* TableSchemerExamples */,
				1AB445C8194A66C4001BEDFF /* TableSchemerTests */,
				1A84FFEB1B5DCD5B00F187B6 /* TableSchemer */,
				1AB445B2194A66C4001BEDFF /* Products */,
				76F70EF991349A0C22E40697 /* Frameworks */,
			);
			sourceTree = "<group>";
		};
		1AB445B2194A66C4001BEDFF /* Products */ = {
			isa = PBXGroup;
			children = (
				1AB445B1194A66C4001BEDFF /* TableSchemerExamples.app */,
				1AB445C5194A66C4001BEDFF /* TableSchemerTests.xctest */,
				1A84FFEA1B5DCD5B00F187B6 /* TableSchemer.framework */,
			);
			name = Products;
			sourceTree = "<group>";
		};
		1AB445B3194A66C4001BEDFF /* TableSchemerExamples */ = {
			isa = PBXGroup;
			children = (
				1AB445B8194A66C4001BEDFF /* AdvancedTableSchemeViewController.swift */,
				1A84001B1B5DD0CB00F187B6 /* AnimationsViewController.swift */,
				1AB445B6194A66C4001BEDFF /* AppDelegate.swift */,
				1AB445BF194A66C4001BEDFF /* Images.xcassets */,
				1A8400191B5DD0BF00F187B6 /* MasterViewController.swift */,
				1AB445B4194A66C4001BEDFF /* Supporting Files */,
			);
			name = TableSchemerExamples;
			path = TableSchemer;
			sourceTree = "<group>";
		};
		1AB445B4194A66C4001BEDFF /* Supporting Files */ = {
			isa = PBXGroup;
			children = (
				1AB445B5194A66C4001BEDFF /* Info.plist */,
			);
			name = "Supporting Files";
			sourceTree = "<group>";
		};
		1AB445C8194A66C4001BEDFF /* TableSchemerTests */ = {
			isa = PBXGroup;
			children = (
				1AFE0264194CF73500DA5027 /* AccordionScheme_Tests.swift */,
				1AAF4720194D127700BC2F17 /* ArrayScheme_Tests.swift */,
				1AE0674B194BBA4E00873E8A /* BasicScheme_Tests.swift */,
				1AAF4722194D2CBB00BC2F17 /* RadioScheme_Tests.swift */,
				1A0482A7194E582D005EE547 /* SchemeSet_Tests.swift */,
				1A0482A9194E5A96005EE547 /* SchemeSetBuilder_Tests.swift */,
				1AB445C9194A66C4001BEDFF /* Supporting Files */,
				1A509C74196486FE00FFD7BC /* TableScheme_Tests.swift */,
			);
			path = TableSchemerTests;
			sourceTree = "<group>";
		};
		1AB445C9194A66C4001BEDFF /* Supporting Files */ = {
			isa = PBXGroup;
			children = (
				1AE0674A194BBA4E00873E8A /* TableSchemerTests-Bridging-Header.h */,
				1AB445CA194A66C4001BEDFF /* Info.plist */,
			);
			name = "Supporting Files";
			sourceTree = "<group>";
		};
		1ACFAFE01A1AB2650065ADB9 /* Protocols */ = {
			isa = PBXGroup;
			children = (
				1AE3EB2E1C0526B500BA9D99 /* InferrableReuseIdentifierScheme.swift */,
				1ACFAFE11A1AB2960065ADB9 /* InferrableRowAnimatableScheme.swift */,
				1AF584E6194A6D520090529C /* Scheme.swift */,
				1AE3EB2C1C05007900BA9D99 /* SchemeBuilder.swift */,
			);
			name = Protocols;
			sourceTree = "<group>";
		};
		1AD4F4A419895C05004D3676 /* Utility */ = {
			isa = PBXGroup;
			children = (
				1AD4F4A519895C14004D3676 /* ViewExtensions.swift */,
			);
			name = Utility;
			sourceTree = "<group>";
		};
		1AE06749194BB2C800873E8A /* Cells */ = {
			isa = PBXGroup;
			children = (
				1AE06747194BB2C300873E8A /* SchemeCell.swift */,
			);
			name = Cells;
			sourceTree = "<group>";
		};
		1AE3EB271C04C53D00BA9D99 /* Models */ = {
			isa = PBXGroup;
			children = (
				1AE3EB281C04C55200BA9D99 /* AttributedScheme.swift */,
				1AE3EB2A1C04C69200BA9D99 /* AttributedSchemeSet.swift */,
			);
			name = Models;
			sourceTree = "<group>";
		};
		1AF584E3194A6CEF0090529C /* Scheme Builders */ = {
			isa = PBXGroup;
			children = (
				1AE3EB341C06502700BA9D99 /* AccordionSchemeBuilder.swift */,
				1AE3EB361C06504300BA9D99 /* ArraySchemeBuilder.swift */,
				1AE3EB321C064FB200BA9D99 /* BasicSchemeBuilder.swift */,
				1AE3EB381C06505900BA9D99 /* RadioSchemeBuilder.swift */,
				1AF584F3194B817F0090529C /* SchemeSetBuilder.swift */,
				1AE3EB3A1C06507100BA9D99 /* StaticSchemeBuilder.swift */,
				1AF584F5194B9F6D0090529C /* TableSchemeBuilder.swift */,
			);
			name = "Scheme Builders";
			sourceTree = "<group>";
		};
		1AF584E4194A6CF70090529C /* Schemes */ = {
			isa = PBXGroup;
			children = (
				1AF584EA194A75900090529C /* AccordionScheme.swift */,
				1AF584EC194A807A0090529C /* ArrayScheme.swift */,
				1AF584E8194A72810090529C /* BasicScheme.swift */,
				1AF584EE194B6F0E0090529C /* RadioScheme.swift */,
				61E259621ABCD958005297C9 /* StaticScheme.swift */,
			);
			name = Schemes;
			sourceTree = "<group>";
		};
		1AF584E5194A6D200090529C /* Table Scheme */ = {
			isa = PBXGroup;
			children = (
				1AF584F7194BA14A0090529C /* TableScheme.swift */,
				1A4743491A1C354C00B5AD13 /* TableSchemeBatchAnimator.swift */,
				1A47434B1A1C35D500B5AD13 /* SchemeRowAnimators.swift */,
			);
			name = "Table Scheme";
			sourceTree = "<group>";
		};
		1AF584F0194B7A5C0090529C /* Collections */ = {
			isa = PBXGroup;
			children = (
				1AF584F1194B7A8C0090529C /* SchemeSet.swift */,
			);
			name = Collections;
			sourceTree = "<group>";
		};
		76F70EF991349A0C22E40697 /* Frameworks */ = {
			isa = PBXGroup;
			children = (
				9F0D6EFEF754E9ED83EC4756 /* libPods-TableSchemerTests.a */,
			);
			name = Frameworks;
			sourceTree = "<group>";
		};
/* End PBXGroup section */

/* Begin PBXHeadersBuildPhase section */
		1A84FFE71B5DCD5B00F187B6 /* Headers */ = {
			isa = PBXHeadersBuildPhase;
			buildActionMask = 2147483647;
			files = (
				1A84FFEF1B5DCD5B00F187B6 /* TableSchemer.h in Headers */,
			);
			runOnlyForDeploymentPostprocessing = 0;
		};
/* End PBXHeadersBuildPhase section */

/* Begin PBXNativeTarget section */
		1A84FFE91B5DCD5B00F187B6 /* TableSchemer */ = {
			isa = PBXNativeTarget;
			buildConfigurationList = 1A8400031B5DCD5C00F187B6 /* Build configuration list for PBXNativeTarget "TableSchemer" */;
			buildPhases = (
				1A84FFE51B5DCD5B00F187B6 /* Sources */,
				1A84FFE61B5DCD5B00F187B6 /* Frameworks */,
				1A84FFE71B5DCD5B00F187B6 /* Headers */,
				1A84FFE81B5DCD5B00F187B6 /* Resources */,
			);
			buildRules = (
			);
			dependencies = (
			);
			name = TableSchemer;
			productName = TableSchemer;
			productReference = 1A84FFEA1B5DCD5B00F187B6 /* TableSchemer.framework */;
			productType = "com.apple.product-type.framework";
		};
		1AB445B0194A66C4001BEDFF /* TableSchemerExamples */ = {
			isa = PBXNativeTarget;
			buildConfigurationList = 1AB445CF194A66C4001BEDFF /* Build configuration list for PBXNativeTarget "TableSchemerExamples" */;
			buildPhases = (
				1AB445AD194A66C4001BEDFF /* Sources */,
				1AB445AE194A66C4001BEDFF /* Frameworks */,
				1AB445AF194A66C4001BEDFF /* Resources */,
				1A8400061B5DCD5C00F187B6 /* Embed Frameworks */,
			);
			buildRules = (
			);
			dependencies = (
				1A8400001B5DCD5C00F187B6 /* PBXTargetDependency */,
			);
			name = TableSchemerExamples;
			productName = TableSchemer;
			productReference = 1AB445B1194A66C4001BEDFF /* TableSchemerExamples.app */;
			productType = "com.apple.product-type.application";
		};
		1AB445C4194A66C4001BEDFF /* TableSchemerTests */ = {
			isa = PBXNativeTarget;
			buildConfigurationList = 1AB445D2194A66C4001BEDFF /* Build configuration list for PBXNativeTarget "TableSchemerTests" */;
			buildPhases = (
				1AB445C1194A66C4001BEDFF /* Sources */,
				1AB445C2194A66C4001BEDFF /* Frameworks */,
				1AB445C3194A66C4001BEDFF /* Resources */,
			);
			buildRules = (
			);
			dependencies = (
				C0E063141FC4AD930030A8A8 /* PBXTargetDependency */,
			);
			name = TableSchemerTests;
			productName = TableSchemerTests;
			productReference = 1AB445C5194A66C4001BEDFF /* TableSchemerTests.xctest */;
			productType = "com.apple.product-type.bundle.unit-test";
		};
/* End PBXNativeTarget section */

/* Begin PBXProject section */
		1AB445A9194A66C4001BEDFF /* Project object */ = {
			isa = PBXProject;
			attributes = {
				LastSwiftUpdateCheck = 0700;
				LastUpgradeCheck = 1020;
				ORGANIZATIONNAME = Weebly;
				TargetAttributes = {
					1A84FFE91B5DCD5B00F187B6 = {
						CreatedOnToolsVersion = 6.4;
						LastSwiftMigration = 1020;
					};
					1AB445B0194A66C4001BEDFF = {
						CreatedOnToolsVersion = 6.0;
						LastSwiftMigration = 0910;
					};
					1AB445C4194A66C4001BEDFF = {
						CreatedOnToolsVersion = 6.0;
						LastSwiftMigration = 1020;
					};
				};
			};
			buildConfigurationList = 1AB445AC194A66C4001BEDFF /* Build configuration list for PBXProject "TableSchemer" */;
			compatibilityVersion = "Xcode 3.2";
			developmentRegion = en;
			hasScannedForEncodings = 0;
			knownRegions = (
				en,
				Base,
			);
			mainGroup = 1AB445A8194A66C4001BEDFF;
			productRefGroup = 1AB445B2194A66C4001BEDFF /* Products */;
			projectDirPath = "";
			projectRoot = "";
			targets = (
				1AB445B0194A66C4001BEDFF /* TableSchemerExamples */,
				1A84FFE91B5DCD5B00F187B6 /* TableSchemer */,
				1AB445C4194A66C4001BEDFF /* TableSchemerTests */,
			);
		};
/* End PBXProject section */

/* Begin PBXResourcesBuildPhase section */
		1A84FFE81B5DCD5B00F187B6 /* Resources */ = {
			isa = PBXResourcesBuildPhase;
			buildActionMask = 2147483647;
			files = (
			);
			runOnlyForDeploymentPostprocessing = 0;
		};
		1AB445AF194A66C4001BEDFF /* Resources */ = {
			isa = PBXResourcesBuildPhase;
			buildActionMask = 2147483647;
			files = (
				1AB445C0194A66C4001BEDFF /* Images.xcassets in Resources */,
			);
			runOnlyForDeploymentPostprocessing = 0;
		};
		1AB445C3194A66C4001BEDFF /* Resources */ = {
			isa = PBXResourcesBuildPhase;
			buildActionMask = 2147483647;
			files = (
			);
			runOnlyForDeploymentPostprocessing = 0;
		};
/* End PBXResourcesBuildPhase section */

/* Begin PBXSourcesBuildPhase section */
		1A84FFE51B5DCD5B00F187B6 /* Sources */ = {
			isa = PBXSourcesBuildPhase;
			buildActionMask = 2147483647;
			files = (
				1A84000B1B5DCF4600F187B6 /* ViewExtensions.swift in Sources */,
				1A8400101B5DCF4600F187B6 /* SchemeRowAnimators.swift in Sources */,
				1AE3EB3B1C06507100BA9D99 /* StaticSchemeBuilder.swift in Sources */,
				1A84000A1B5DCF4600F187B6 /* InferrableRowAnimatableScheme.swift in Sources */,
				1A8400141B5DCF4600F187B6 /* ArrayScheme.swift in Sources */,
				1A8400151B5DCF4600F187B6 /* RadioScheme.swift in Sources */,
				1AE3EB391C06505900BA9D99 /* RadioSchemeBuilder.swift in Sources */,
				1AE3EB2B1C04C69200BA9D99 /* AttributedSchemeSet.swift in Sources */,
				1AE3EB2F1C0526B500BA9D99 /* InferrableReuseIdentifierScheme.swift in Sources */,
				1A8400181B5DCF4600F187B6 /* TableSchemeBuilder.swift in Sources */,
				1A8400161B5DCF4600F187B6 /* StaticScheme.swift in Sources */,
				1A8400131B5DCF4600F187B6 /* AccordionScheme.swift in Sources */,
				1AE3EB331C064FB200BA9D99 /* BasicSchemeBuilder.swift in Sources */,
				1A84000E1B5DCF4600F187B6 /* TableScheme.swift in Sources */,
				1A8400111B5DCF4600F187B6 /* Scheme.swift in Sources */,
				1A8400171B5DCF4600F187B6 /* SchemeSetBuilder.swift in Sources */,
				1A84000F1B5DCF4600F187B6 /* TableSchemeBatchAnimator.swift in Sources */,
				1AE3EB2D1C05007900BA9D99 /* SchemeBuilder.swift in Sources */,
				1AE3EB351C06502700BA9D99 /* AccordionSchemeBuilder.swift in Sources */,
				1A84000C1B5DCF4600F187B6 /* SchemeCell.swift in Sources */,
				1AE3EB371C06504300BA9D99 /* ArraySchemeBuilder.swift in Sources */,
				1A8400121B5DCF4600F187B6 /* BasicScheme.swift in Sources */,
				1AE3EB291C04C55200BA9D99 /* AttributedScheme.swift in Sources */,
				1A84000D1B5DCF4600F187B6 /* SchemeSet.swift in Sources */,
			);
			runOnlyForDeploymentPostprocessing = 0;
		};
		1AB445AD194A66C4001BEDFF /* Sources */ = {
			isa = PBXSourcesBuildPhase;
			buildActionMask = 2147483647;
			files = (
				1AB445B9194A66C4001BEDFF /* AdvancedTableSchemeViewController.swift in Sources */,
				1AB445B7194A66C4001BEDFF /* AppDelegate.swift in Sources */,
				1A84001A1B5DD0BF00F187B6 /* MasterViewController.swift in Sources */,
				1A84001C1B5DD0CB00F187B6 /* AnimationsViewController.swift in Sources */,
			);
			runOnlyForDeploymentPostprocessing = 0;
		};
		1AB445C1194A66C4001BEDFF /* Sources */ = {
			isa = PBXSourcesBuildPhase;
			buildActionMask = 2147483647;
			files = (
				1AAF4723194D2CBB00BC2F17 /* RadioScheme_Tests.swift in Sources */,
				1A509C75196486FE00FFD7BC /* TableScheme_Tests.swift in Sources */,
				1AE0674C194BBA4E00873E8A /* BasicScheme_Tests.swift in Sources */,
				1AFE0265194CF73500DA5027 /* AccordionScheme_Tests.swift in Sources */,
				1AAF4721194D127700BC2F17 /* ArrayScheme_Tests.swift in Sources */,
				C022CEE41FC4AB8900DD52C9 /* SchemeSetBuilder_Tests.swift in Sources */,
				1A0482A8194E582D005EE547 /* SchemeSet_Tests.swift in Sources */,
			);
			runOnlyForDeploymentPostprocessing = 0;
		};
/* End PBXSourcesBuildPhase section */

/* Begin PBXTargetDependency section */
		1A8400001B5DCD5C00F187B6 /* PBXTargetDependency */ = {
			isa = PBXTargetDependency;
			target = 1A84FFE91B5DCD5B00F187B6 /* TableSchemer */;
			targetProxy = 1A84FFFF1B5DCD5C00F187B6 /* PBXContainerItemProxy */;
		};
		C0E063141FC4AD930030A8A8 /* PBXTargetDependency */ = {
			isa = PBXTargetDependency;
			target = 1A84FFE91B5DCD5B00F187B6 /* TableSchemer */;
			targetProxy = C0E063131FC4AD930030A8A8 /* PBXContainerItemProxy */;
		};
/* End PBXTargetDependency section */

/* Begin XCBuildConfiguration section */
		1A8400041B5DCD5C00F187B6 /* Debug */ = {
			isa = XCBuildConfiguration;
			buildSettings = {
				"CODE_SIGN_IDENTITY[sdk=iphoneos*]" = "";
				CURRENT_PROJECT_VERSION = 1;
				DEBUG_INFORMATION_FORMAT = "dwarf-with-dsym";
				DEFINES_MODULE = YES;
				DYLIB_COMPATIBILITY_VERSION = 1;
				DYLIB_CURRENT_VERSION = 1;
				DYLIB_INSTALL_NAME_BASE = "@rpath";
				GCC_NO_COMMON_BLOCKS = YES;
				GCC_PREPROCESSOR_DEFINITIONS = (
					"DEBUG=1",
					"$(inherited)",
				);
				INFOPLIST_FILE = TableSchemer/Info.plist;
				INSTALL_PATH = "$(LOCAL_LIBRARY_DIR)/Frameworks";
				IPHONEOS_DEPLOYMENT_TARGET = 8.0;
				LD_RUNPATH_SEARCH_PATHS = "$(inherited) @executable_path/Frameworks @loader_path/Frameworks";
				MTL_ENABLE_DEBUG_INFO = YES;
				PRODUCT_BUNDLE_IDENTIFIER = "com.Weebly.$(PRODUCT_NAME:rfc1034identifier)";
				PRODUCT_NAME = "$(TARGET_NAME)";
				SKIP_INSTALL = YES;
				SWIFT_VERSION = 5.0;
				TARGETED_DEVICE_FAMILY = "1,2";
				VERSIONING_SYSTEM = "apple-generic";
				VERSION_INFO_PREFIX = "";
			};
			name = Debug;
		};
		1A8400051B5DCD5C00F187B6 /* Release */ = {
			isa = XCBuildConfiguration;
			buildSettings = {
				"CODE_SIGN_IDENTITY[sdk=iphoneos*]" = "";
				COPY_PHASE_STRIP = NO;
				CURRENT_PROJECT_VERSION = 1;
				DEBUG_INFORMATION_FORMAT = "dwarf-with-dsym";
				DEFINES_MODULE = YES;
				DYLIB_COMPATIBILITY_VERSION = 1;
				DYLIB_CURRENT_VERSION = 1;
				DYLIB_INSTALL_NAME_BASE = "@rpath";
				GCC_NO_COMMON_BLOCKS = YES;
				INFOPLIST_FILE = TableSchemer/Info.plist;
				INSTALL_PATH = "$(LOCAL_LIBRARY_DIR)/Frameworks";
				IPHONEOS_DEPLOYMENT_TARGET = 8.0;
				LD_RUNPATH_SEARCH_PATHS = "$(inherited) @executable_path/Frameworks @loader_path/Frameworks";
				MTL_ENABLE_DEBUG_INFO = NO;
				PRODUCT_BUNDLE_IDENTIFIER = "com.Weebly.$(PRODUCT_NAME:rfc1034identifier)";
				PRODUCT_NAME = "$(TARGET_NAME)";
				SKIP_INSTALL = YES;
				SWIFT_VERSION = 5.0;
				TARGETED_DEVICE_FAMILY = "1,2";
				VERSIONING_SYSTEM = "apple-generic";
				VERSION_INFO_PREFIX = "";
			};
			name = Release;
		};
		1AB445CD194A66C4001BEDFF /* Debug */ = {
			isa = XCBuildConfiguration;
			buildSettings = {
				ALWAYS_SEARCH_USER_PATHS = NO;
				CLANG_ANALYZER_LOCALIZABILITY_NONLOCALIZED = YES;
				CLANG_CXX_LANGUAGE_STANDARD = "gnu++0x";
				CLANG_CXX_LIBRARY = "libc++";
				CLANG_ENABLE_MODULES = YES;
				CLANG_ENABLE_OBJC_ARC = YES;
				CLANG_WARN_BLOCK_CAPTURE_AUTORELEASING = YES;
				CLANG_WARN_BOOL_CONVERSION = YES;
				CLANG_WARN_COMMA = YES;
				CLANG_WARN_CONSTANT_CONVERSION = YES;
				CLANG_WARN_DEPRECATED_OBJC_IMPLEMENTATIONS = YES;
				CLANG_WARN_DIRECT_OBJC_ISA_USAGE = YES_ERROR;
				CLANG_WARN_EMPTY_BODY = YES;
				CLANG_WARN_ENUM_CONVERSION = YES;
				CLANG_WARN_INFINITE_RECURSION = YES;
				CLANG_WARN_INT_CONVERSION = YES;
				CLANG_WARN_NON_LITERAL_NULL_CONVERSION = YES;
				CLANG_WARN_OBJC_IMPLICIT_RETAIN_SELF = YES;
				CLANG_WARN_OBJC_LITERAL_CONVERSION = YES;
				CLANG_WARN_OBJC_ROOT_CLASS = YES_ERROR;
				CLANG_WARN_RANGE_LOOP_ANALYSIS = YES;
				CLANG_WARN_STRICT_PROTOTYPES = YES;
				CLANG_WARN_SUSPICIOUS_MOVE = YES;
				CLANG_WARN_UNREACHABLE_CODE = YES;
				CLANG_WARN__DUPLICATE_METHOD_MATCH = YES;
				"CODE_SIGN_IDENTITY[sdk=iphoneos*]" = "iPhone Developer";
				COPY_PHASE_STRIP = NO;
				ENABLE_STRICT_OBJC_MSGSEND = YES;
				ENABLE_TESTABILITY = YES;
				GCC_C_LANGUAGE_STANDARD = gnu99;
				GCC_DYNAMIC_NO_PIC = NO;
				GCC_NO_COMMON_BLOCKS = YES;
				GCC_OPTIMIZATION_LEVEL = 0;
				GCC_PREPROCESSOR_DEFINITIONS = (
					"DEBUG=1",
					"$(inherited)",
				);
				GCC_SYMBOLS_PRIVATE_EXTERN = NO;
				GCC_WARN_64_TO_32_BIT_CONVERSION = YES;
				GCC_WARN_ABOUT_RETURN_TYPE = YES_ERROR;
				GCC_WARN_UNDECLARED_SELECTOR = YES;
				GCC_WARN_UNINITIALIZED_AUTOS = YES_AGGRESSIVE;
				GCC_WARN_UNUSED_FUNCTION = YES;
				GCC_WARN_UNUSED_VARIABLE = YES;
				IPHONEOS_DEPLOYMENT_TARGET = 8.0;
				METAL_ENABLE_DEBUG_INFO = YES;
				ONLY_ACTIVE_ARCH = YES;
				SDKROOT = iphoneos;
				SWIFT_OPTIMIZATION_LEVEL = "-Onone";
				SWIFT_VERSION = 3.0;
			};
			name = Debug;
		};
		1AB445CE194A66C4001BEDFF /* Release */ = {
			isa = XCBuildConfiguration;
			buildSettings = {
				ALWAYS_SEARCH_USER_PATHS = NO;
				CLANG_ANALYZER_LOCALIZABILITY_NONLOCALIZED = YES;
				CLANG_CXX_LANGUAGE_STANDARD = "gnu++0x";
				CLANG_CXX_LIBRARY = "libc++";
				CLANG_ENABLE_MODULES = YES;
				CLANG_ENABLE_OBJC_ARC = YES;
				CLANG_WARN_BLOCK_CAPTURE_AUTORELEASING = YES;
				CLANG_WARN_BOOL_CONVERSION = YES;
				CLANG_WARN_COMMA = YES;
				CLANG_WARN_CONSTANT_CONVERSION = YES;
				CLANG_WARN_DEPRECATED_OBJC_IMPLEMENTATIONS = YES;
				CLANG_WARN_DIRECT_OBJC_ISA_USAGE = YES_ERROR;
				CLANG_WARN_EMPTY_BODY = YES;
				CLANG_WARN_ENUM_CONVERSION = YES;
				CLANG_WARN_INFINITE_RECURSION = YES;
				CLANG_WARN_INT_CONVERSION = YES;
				CLANG_WARN_NON_LITERAL_NULL_CONVERSION = YES;
				CLANG_WARN_OBJC_IMPLICIT_RETAIN_SELF = YES;
				CLANG_WARN_OBJC_LITERAL_CONVERSION = YES;
				CLANG_WARN_OBJC_ROOT_CLASS = YES_ERROR;
				CLANG_WARN_RANGE_LOOP_ANALYSIS = YES;
				CLANG_WARN_STRICT_PROTOTYPES = YES;
				CLANG_WARN_SUSPICIOUS_MOVE = YES;
				CLANG_WARN_UNREACHABLE_CODE = YES;
				CLANG_WARN__DUPLICATE_METHOD_MATCH = YES;
				"CODE_SIGN_IDENTITY[sdk=iphoneos*]" = "iPhone Developer";
				COPY_PHASE_STRIP = YES;
				ENABLE_NS_ASSERTIONS = NO;
				ENABLE_STRICT_OBJC_MSGSEND = YES;
				GCC_C_LANGUAGE_STANDARD = gnu99;
				GCC_NO_COMMON_BLOCKS = YES;
				GCC_WARN_64_TO_32_BIT_CONVERSION = YES;
				GCC_WARN_ABOUT_RETURN_TYPE = YES_ERROR;
				GCC_WARN_UNDECLARED_SELECTOR = YES;
				GCC_WARN_UNINITIALIZED_AUTOS = YES_AGGRESSIVE;
				GCC_WARN_UNUSED_FUNCTION = YES;
				GCC_WARN_UNUSED_VARIABLE = YES;
				IPHONEOS_DEPLOYMENT_TARGET = 8.0;
				METAL_ENABLE_DEBUG_INFO = NO;
				SDKROOT = iphoneos;
				SWIFT_OPTIMIZATION_LEVEL = "-Owholemodule";
				SWIFT_VERSION = 3.0;
				VALIDATE_PRODUCT = YES;
			};
			name = Release;
		};
		1AB445D0194A66C4001BEDFF /* Debug */ = {
			isa = XCBuildConfiguration;
			buildSettings = {
				ASSETCATALOG_COMPILER_APPICON_NAME = AppIcon;
				ASSETCATALOG_COMPILER_LAUNCHIMAGE_NAME = LaunchImage;
				INFOPLIST_FILE = TableSchemerExamples/Info.plist;
				LD_RUNPATH_SEARCH_PATHS = "$(inherited) @executable_path/Frameworks";
				PRODUCT_BUNDLE_IDENTIFIER = "com.weebly.${PRODUCT_NAME:rfc1034identifier}";
				PRODUCT_NAME = "$(TARGET_NAME)";
				SWIFT_SWIFT3_OBJC_INFERENCE = Default;
				SWIFT_VERSION = 4.0;
			};
			name = Debug;
		};
		1AB445D1194A66C4001BEDFF /* Release */ = {
			isa = XCBuildConfiguration;
			buildSettings = {
				ASSETCATALOG_COMPILER_APPICON_NAME = AppIcon;
				ASSETCATALOG_COMPILER_LAUNCHIMAGE_NAME = LaunchImage;
				INFOPLIST_FILE = TableSchemerExamples/Info.plist;
				LD_RUNPATH_SEARCH_PATHS = "$(inherited) @executable_path/Frameworks";
				PRODUCT_BUNDLE_IDENTIFIER = "com.weebly.${PRODUCT_NAME:rfc1034identifier}";
				PRODUCT_NAME = "$(TARGET_NAME)";
				SWIFT_SWIFT3_OBJC_INFERENCE = Default;
				SWIFT_VERSION = 4.0;
			};
			name = Release;
		};
		1AB445D3194A66C4001BEDFF /* Debug */ = {
			isa = XCBuildConfiguration;
			buildSettings = {
				CLANG_ENABLE_MODULES = YES;
				FRAMEWORK_SEARCH_PATHS = (
					"$(inherited)",
					"$(SDKROOT)/../../Library/Frameworks",
				);
				GCC_PREPROCESSOR_DEFINITIONS = (
					"DEBUG=1",
					"$(inherited)",
				);
				INFOPLIST_FILE = TableSchemerTests/Info.plist;
				LD_RUNPATH_SEARCH_PATHS = "$(inherited) @executable_path/Frameworks @loader_path/Frameworks";
				METAL_ENABLE_DEBUG_INFO = YES;
				PRODUCT_BUNDLE_IDENTIFIER = "com.weebly.${PRODUCT_NAME:rfc1034identifier}";
				PRODUCT_NAME = "$(TARGET_NAME)";
				SWIFT_OBJC_BRIDGING_HEADER = "TableSchemerTests/TableSchemerTests-Bridging-Header.h";
				SWIFT_OPTIMIZATION_LEVEL = "-Onone";
				SWIFT_VERSION = 5.0;
			};
			name = Debug;
		};
		1AB445D4194A66C4001BEDFF /* Release */ = {
			isa = XCBuildConfiguration;
			buildSettings = {
				CLANG_ENABLE_MODULES = YES;
				FRAMEWORK_SEARCH_PATHS = (
					"$(inherited)",
					"$(SDKROOT)/../../Library/Frameworks",
				);
				INFOPLIST_FILE = TableSchemerTests/Info.plist;
				LD_RUNPATH_SEARCH_PATHS = "$(inherited) @executable_path/Frameworks @loader_path/Frameworks";
				METAL_ENABLE_DEBUG_INFO = NO;
				PRODUCT_BUNDLE_IDENTIFIER = "com.weebly.${PRODUCT_NAME:rfc1034identifier}";
				PRODUCT_NAME = "$(TARGET_NAME)";
				SWIFT_OBJC_BRIDGING_HEADER = "TableSchemerTests/TableSchemerTests-Bridging-Header.h";
				SWIFT_VERSION = 5.0;
			};
			name = Release;
		};
/* End XCBuildConfiguration section */

/* Begin XCConfigurationList section */
		1A8400031B5DCD5C00F187B6 /* Build configuration list for PBXNativeTarget "TableSchemer" */ = {
			isa = XCConfigurationList;
			buildConfigurations = (
				1A8400041B5DCD5C00F187B6 /* Debug */,
				1A8400051B5DCD5C00F187B6 /* Release */,
			);
			defaultConfigurationIsVisible = 0;
			defaultConfigurationName = Release;
		};
		1AB445AC194A66C4001BEDFF /* Build configuration list for PBXProject "TableSchemer" */ = {
			isa = XCConfigurationList;
			buildConfigurations = (
				1AB445CD194A66C4001BEDFF /* Debug */,
				1AB445CE194A66C4001BEDFF /* Release */,
			);
			defaultConfigurationIsVisible = 0;
			defaultConfigurationName = Release;
		};
		1AB445CF194A66C4001BEDFF /* Build configuration list for PBXNativeTarget "TableSchemerExamples" */ = {
			isa = XCConfigurationList;
			buildConfigurations = (
				1AB445D0194A66C4001BEDFF /* Debug */,
				1AB445D1194A66C4001BEDFF /* Release */,
			);
			defaultConfigurationIsVisible = 0;
			defaultConfigurationName = Release;
		};
		1AB445D2194A66C4001BEDFF /* Build configuration list for PBXNativeTarget "TableSchemerTests" */ = {
			isa = XCConfigurationList;
			buildConfigurations = (
				1AB445D3194A66C4001BEDFF /* Debug */,
				1AB445D4194A66C4001BEDFF /* Release */,
			);
			defaultConfigurationIsVisible = 0;
			defaultConfigurationName = Release;
		};
/* End XCConfigurationList section */
	};
	rootObject = 1AB445A9194A66C4001BEDFF /* Project object */;
}
